// !$*UTF8*$!
{
	archiveVersion = 1;
	classes = {
	};
	objectVersion = 46;
	objects = {

/* Begin PBXBuildFile section */
		8EFFA93016CCB246003E61B3 /* Cocoa.framework in Frameworks */ = {isa = PBXBuildFile; fileRef = 8EFFA92F16CCB246003E61B3 /* Cocoa.framework */; };
		8EFFA93A16CCB246003E61B3 /* InfoPlist.strings in Resources */ = {isa = PBXBuildFile; fileRef = 8EFFA93816CCB246003E61B3 /* InfoPlist.strings */; };
		8EFFA93C16CCB246003E61B3 /* main.m in Sources */ = {isa = PBXBuildFile; fileRef = 8EFFA93B16CCB246003E61B3 /* main.m */; };
		8EFFA94016CCB246003E61B3 /* Credits.rtf in Resources */ = {isa = PBXBuildFile; fileRef = 8EFFA93E16CCB246003E61B3 /* Credits.rtf */; };
		8EFFA94316CCB246003E61B3 /* AppDelegate.m in Sources */ = {isa = PBXBuildFile; fileRef = 8EFFA94216CCB246003E61B3 /* AppDelegate.m */; };
		8EFFA94616CCB246003E61B3 /* MainMenu.xib in Resources */ = {isa = PBXBuildFile; fileRef = 8EFFA94416CCB246003E61B3 /* MainMenu.xib */; };
/* End PBXBuildFile section */

/* Begin PBXFileReference section */
		8EFFA92C16CCB246003E61B3 /* phongapp.app */ = {isa = PBXFileReference; explicitFileType = wrapper.application; includeInIndex = 0; path = phongapp.app; sourceTree = BUILT_PRODUCTS_DIR; };
		8EFFA92F16CCB246003E61B3 /* Cocoa.framework */ = {isa = PBXFileReference; lastKnownFileType = wrapper.framework; name = Cocoa.framework; path = System/Library/Frameworks/Cocoa.framework; sourceTree = SDKROOT; };
		8EFFA93216CCB246003E61B3 /* AppKit.framework */ = {isa = PBXFileReference; lastKnownFileType = wrapper.framework; name = AppKit.framework; path = System/Library/Frameworks/AppKit.framework; sourceTree = SDKROOT; };
		8EFFA93316CCB246003E61B3 /* CoreData.framework */ = {isa = PBXFileReference; lastKnownFileType = wrapper.framework; name = CoreData.framework; path = System/Library/Frameworks/CoreData.framework; sourceTree = SDKROOT; };
		8EFFA93416CCB246003E61B3 /* Foundation.framework */ = {isa = PBXFileReference; lastKnownFileType = wrapper.framework; name = Foundation.framework; path = System/Library/Frameworks/Foundation.framework; sourceTree = SDKROOT; };
		8EFFA93716CCB246003E61B3 /* phongapp-Info.plist */ = {isa = PBXFileReference; lastKnownFileType = text.plist.xml; path = "phongapp-Info.plist"; sourceTree = "<group>"; };
		8EFFA93916CCB246003E61B3 /* en */ = {isa = PBXFileReference; lastKnownFileType = text.plist.strings; name = en; path = en.lproj/InfoPlist.strings; sourceTree = "<group>"; };
		8EFFA93B16CCB246003E61B3 /* main.m */ = {isa = PBXFileReference; lastKnownFileType = sourcecode.c.objc; path = main.m; sourceTree = "<group>"; };
		8EFFA93D16CCB246003E61B3 /* phongapp-Prefix.pch */ = {isa = PBXFileReference; lastKnownFileType = sourcecode.c.h; path = "phongapp-Prefix.pch"; sourceTree = "<group>"; };
		8EFFA93F16CCB246003E61B3 /* en */ = {isa = PBXFileReference; lastKnownFileType = text.rtf; name = en; path = en.lproj/Credits.rtf; sourceTree = "<group>"; };
		8EFFA94116CCB246003E61B3 /* AppDelegate.h */ = {isa = PBXFileReference; lastKnownFileType = sourcecode.c.h; path = AppDelegate.h; sourceTree = "<group>"; };
		8EFFA94216CCB246003E61B3 /* AppDelegate.m */ = {isa = PBXFileReference; lastKnownFileType = sourcecode.c.objc; path = AppDelegate.m; sourceTree = "<group>"; };
		8EFFA94516CCB246003E61B3 /* en */ = {isa = PBXFileReference; lastKnownFileType = file.xib; name = en; path = en.lproj/MainMenu.xib; sourceTree = "<group>"; };
/* End PBXFileReference section */

/* Begin PBXFrameworksBuildPhase section */
		8EFFA92916CCB246003E61B3 /* Frameworks */ = {
			isa = PBXFrameworksBuildPhase;
			buildActionMask = 2147483647;
			files = (
				8EFFA93016CCB246003E61B3 /* Cocoa.framework in Frameworks */,
			);
			runOnlyForDeploymentPostprocessing = 0;
		};
/* End PBXFrameworksBuildPhase section */

/* Begin PBXGroup section */
		8EFFA92316CCB246003E61B3 = {
			isa = PBXGroup;
			children = (
				8EFFA93516CCB246003E61B3 /* phongapp */,
				8EFFA92E16CCB246003E61B3 /* Frameworks */,
				8EFFA92D16CCB246003E61B3 /* Products */,
			);
			sourceTree = "<group>";
		};
		8EFFA92D16CCB246003E61B3 /* Products */ = {
			isa = PBXGroup;
			children = (
				8EFFA92C16CCB246003E61B3 /* phongapp.app */,
			);
			name = Products;
			sourceTree = "<group>";
		};
		8EFFA92E16CCB246003E61B3 /* Frameworks */ = {
			isa = PBXGroup;
			children = (
				8EFFA92F16CCB246003E61B3 /* Cocoa.framework */,
				8EFFA93116CCB246003E61B3 /* Other Frameworks */,
			);
			name = Frameworks;
			sourceTree = "<group>";
		};
		8EFFA93116CCB246003E61B3 /* Other Frameworks */ = {
			isa = PBXGroup;
			children = (
				8EFFA93216CCB246003E61B3 /* AppKit.framework */,
				8EFFA93316CCB246003E61B3 /* CoreData.framework */,
				8EFFA93416CCB246003E61B3 /* Foundation.framework */,
			);
			name = "Other Frameworks";
			sourceTree = "<group>";
		};
		8EFFA93516CCB246003E61B3 /* phongapp */ = {
			isa = PBXGroup;
			children = (
				8EFFA94116CCB246003E61B3 /* AppDelegate.h */,
				8EFFA94216CCB246003E61B3 /* AppDelegate.m */,
				8EFFA94416CCB246003E61B3 /* MainMenu.xib */,
				8EFFA93616CCB246003E61B3 /* Supporting Files */,
			);
			path = phongapp;
			sourceTree = "<group>";
		};
		8EFFA93616CCB246003E61B3 /* Supporting Files */ = {
			isa = PBXGroup;
			children = (
				8EFFA93716CCB246003E61B3 /* phongapp-Info.plist */,
				8EFFA93816CCB246003E61B3 /* InfoPlist.strings */,
				8EFFA93B16CCB246003E61B3 /* main.m */,
				8EFFA93D16CCB246003E61B3 /* phongapp-Prefix.pch */,
				8EFFA93E16CCB246003E61B3 /* Credits.rtf */,
			);
			name = "Supporting Files";
			sourceTree = "<group>";
		};
/* End PBXGroup section */

/* Begin PBXNativeTarget section */
		8EFFA92B16CCB246003E61B3 /* phongapp */ = {
			isa = PBXNativeTarget;
			buildConfigurationList = 8EFFA94916CCB246003E61B3 /* Build configuration list for PBXNativeTarget "phongapp" */;
			buildPhases = (
				8EFFA92816CCB246003E61B3 /* Sources */,
				8EFFA92916CCB246003E61B3 /* Frameworks */,
				8EFFA92A16CCB246003E61B3 /* Resources */,
			);
			buildRules = (
			);
			dependencies = (
			);
			name = phongapp;
			productName = phongapp;
			productReference = 8EFFA92C16CCB246003E61B3 /* phongapp.app */;
			productType = "com.apple.product-type.application";
		};
/* End PBXNativeTarget section */

/* Begin PBXProject section */
		8EFFA92416CCB246003E61B3 /* Project object */ = {
			isa = PBXProject;
			attributes = {
				LastUpgradeCheck = 0460;
				ORGANIZATIONNAME = wolf76;
			};
			buildConfigurationList = 8EFFA92716CCB246003E61B3 /* Build configuration list for PBXProject "phongapp" */;
			compatibilityVersion = "Xcode 3.2";
			developmentRegion = English;
			hasScannedForEncodings = 0;
			knownRegions = (
				en,
			);
			mainGroup = 8EFFA92316CCB246003E61B3;
			productRefGroup = 8EFFA92D16CCB246003E61B3 /* Products */;
			projectDirPath = "";
			projectRoot = "";
			targets = (
				8EFFA92B16CCB246003E61B3 /* phongapp */,
			);
		};
/* End PBXProject section */

/* Begin PBXResourcesBuildPhase section */
		8EFFA92A16CCB246003E61B3 /* Resources */ = {
			isa = PBXResourcesBuildPhase;
			buildActionMask = 2147483647;
			files = (
				8EFFA93A16CCB246003E61B3 /* InfoPlist.strings in Resources */,
				8EFFA94016CCB246003E61B3 /* Credits.rtf in Resources */,
				8EFFA94616CCB246003E61B3 /* MainMenu.xib in Resources */,
			);
			runOnlyForDeploymentPostprocessing = 0;
		};
/* End PBXResourcesBuildPhase section */

/* Begin PBXSourcesBuildPhase section */
		8EFFA92816CCB246003E61B3 /* Sources */ = {
			isa = PBXSourcesBuildPhase;
			buildActionMask = 2147483647;
			files = (
				8EFFA93C16CCB246003E61B3 /* main.m in Sources */,
				8EFFA94316CCB246003E61B3 /* AppDelegate.m in Sources */,
			);
			runOnlyForDeploymentPostprocessing = 0;
		};
/* End PBXSourcesBuildPhase section */

/* Begin PBXVariantGroup section */
		8EFFA93816CCB246003E61B3 /* InfoPlist.strings */ = {
			isa = PBXVariantGroup;
			children = (
				8EFFA93916CCB246003E61B3 /* en */,
			);
			name = InfoPlist.strings;
			sourceTree = "<group>";
		};
		8EFFA93E16CCB246003E61B3 /* Credits.rtf */ = {
			isa = PBXVariantGroup;
			children = (
				8EFFA93F16CCB246003E61B3 /* en */,
			);
			name = Credits.rtf;
			sourceTree = "<group>";
		};
		8EFFA94416CCB246003E61B3 /* MainMenu.xib */ = {
			isa = PBXVariantGroup;
			children = (
				8EFFA94516CCB246003E61B3 /* en */,
			);
			name = MainMenu.xib;
			sourceTree = "<group>";
		};
/* End PBXVariantGroup section */

/* Begin XCBuildConfiguration section */
		8EFFA94716CCB246003E61B3 /* Debug */ = {
			isa = XCBuildConfiguration;
			buildSettings = {
				ALWAYS_SEARCH_USER_PATHS = NO;
				ARCHS = "$(ARCHS_STANDARD_64_BIT)";
				CLANG_CXX_LANGUAGE_STANDARD = "gnu++0x";
				CLANG_CXX_LIBRARY = "libc++";
				CLANG_WARN_CONSTANT_CONVERSION = YES;
				CLANG_WARN_EMPTY_BODY = YES;
				CLANG_WARN_ENUM_CONVERSION = YES;
				CLANG_WARN_INT_CONVERSION = YES;
				CLANG_WARN__DUPLICATE_METHOD_MATCH = YES;
				COPY_PHASE_STRIP = NO;
				GCC_C_LANGUAGE_STANDARD = gnu99;
				GCC_DYNAMIC_NO_PIC = NO;
				GCC_ENABLE_OBJC_EXCEPTIONS = YES;
				GCC_OPTIMIZATION_LEVEL = 0;
				GCC_PREPROCESSOR_DEFINITIONS = (
					"DEBUG=1",
					"$(inherited)",
				);
				GCC_SYMBOLS_PRIVATE_EXTERN = NO;
				GCC_WARN_64_TO_32_BIT_CONVERSION = YES;
				GCC_WARN_ABOUT_RETURN_TYPE = YES;
				GCC_WARN_UNINITIALIZED_AUTOS = YES;
				GCC_WARN_UNUSED_VARIABLE = YES;
				MACOSX_DEPLOYMENT_TARGET = 10.8;
				ONLY_ACTIVE_ARCH = YES;
				SDKROOT = macosx;
			};
			name = Debug;
		};
		8EFFA94816CCB246003E61B3 /* Release */ = {
			isa = XCBuildConfiguration;
			buildSettings = {
				ALWAYS_SEARCH_USER_PATHS = NO;
				ARCHS = "$(ARCHS_STANDARD_64_BIT)";
				CLANG_CXX_LANGUAGE_STANDARD = "gnu++0x";
				CLANG_CXX_LIBRARY = "libc++";
				CLANG_WARN_CONSTANT_CONVERSION = YES;
				CLANG_WARN_EMPTY_BODY = YES;
				CLANG_WARN_ENUM_CONVERSION = YES;
				CLANG_WARN_INT_CONVERSION = YES;
				CLANG_WARN__DUPLICATE_METHOD_MATCH = YES;
				COPY_PHASE_STRIP = YES;
				DEBUG_INFORMATION_FORMAT = "dwarf-with-dsym";
				GCC_C_LANGUAGE_STANDARD = gnu99;
				GCC_ENABLE_OBJC_EXCEPTIONS = YES;
				GCC_WARN_64_TO_32_BIT_CONVERSION = YES;
				GCC_WARN_ABOUT_RETURN_TYPE = YES;
				GCC_WARN_UNINITIALIZED_AUTOS = YES;
				GCC_WARN_UNUSED_VARIABLE = YES;
				MACOSX_DEPLOYMENT_TARGET = 10.8;
				SDKROOT = macosx;
			};
			name = Release;
		};
		8EFFA94A16CCB246003E61B3 /* Debug */ = {
			isa = XCBuildConfiguration;
			buildSettings = {
				COMBINE_HIDPI_IMAGES = YES;
				GCC_PRECOMPILE_PREFIX_HEADER = YES;
				GCC_PREFIX_HEADER = "phongapp/phongapp-Prefix.pch";
				INFOPLIST_FILE = "phongapp/phongapp-Info.plist";
				PRODUCT_NAME = "$(TARGET_NAME)";
				WRAPPER_EXTENSION = app;
			};
			name = Debug;
		};
		8EFFA94B16CCB246003E61B3 /* Release */ = {
			isa = XCBuildConfiguration;
			buildSettings = {
				COMBINE_HIDPI_IMAGES = YES;
				GCC_PRECOMPILE_PREFIX_HEADER = YES;
				GCC_PREFIX_HEADER = "phongapp/phongapp-Prefix.pch";
				INFOPLIST_FILE = "phongapp/phongapp-Info.plist";
				PRODUCT_NAME = "$(TARGET_NAME)";
				WRAPPER_EXTENSION = app;
			};
			name = Release;
		};
/* End XCBuildConfiguration section */

/* Begin XCConfigurationList section */
		8EFFA92716CCB246003E61B3 /* Build configuration list for PBXProject "phongapp" */ = {
			isa = XCConfigurationList;
			buildConfigurations = (
				8EFFA94716CCB246003E61B3 /* Debug */,
				8EFFA94816CCB246003E61B3 /* Release */,
			);
			defaultConfigurationIsVisible = 0;
			defaultConfigurationName = Release;
		};
		8EFFA94916CCB246003E61B3 /* Build configuration list for PBXNativeTarget "phongapp" */ = {
			isa = XCConfigurationList;
			buildConfigurations = (
				8EFFA94A16CCB246003E61B3 /* Debug */,
				8EFFA94B16CCB246003E61B3 /* Release */,
			);
			defaultConfigurationIsVisible = 0;
		};
/* End XCConfigurationList section */
	};
	rootObject = 8EFFA92416CCB246003E61B3 /* Project object */;
}
