// !$*UTF8*$!
{
	archiveVersion = 1;
	classes = {
	};
	objectVersion = 46;
	objects = {

/* Begin PBXBuildFile section */
		8EBC0EDE16C7BB5F00CD4DB9 /* main.cpp in Sources */ = {isa = PBXBuildFile; fileRef = 8EBC0EDD16C7BB5F00CD4DB9 /* main.cpp */; };
		8EBC0EE016C7BB6000CD4DB9 /* testglew.1 in CopyFiles */ = {isa = PBXBuildFile; fileRef = 8EBC0EDF16C7BB6000CD4DB9 /* testglew.1 */; };
		8EBC0EE916C7DC7400CD4DB9 /* GLUT.framework in Frameworks */ = {isa = PBXBuildFile; fileRef = 8EBC0EE816C7DC7400CD4DB9 /* GLUT.framework */; };
		8EDD29EE16CA33F000AF1308 /* glew.c in Sources */ = {isa = PBXBuildFile; fileRef = 8EDD29ED16CA33F000AF1308 /* glew.c */; };
		8EDD29F016CA35DE00AF1308 /* OpenGL.framework in Frameworks */ = {isa = PBXBuildFile; fileRef = 8EDD29EF16CA35DE00AF1308 /* OpenGL.framework */; };
		8EDD29F216CA3CCF00AF1308 /* glslprogram.cpp in Sources */ = {isa = PBXBuildFile; fileRef = 8EDD29F116CA3CCF00AF1308 /* glslprogram.cpp */; };
/* End PBXBuildFile section */

/* Begin PBXCopyFilesBuildPhase section */
		8EBC0ED816C7BB5F00CD4DB9 /* CopyFiles */ = {
			isa = PBXCopyFilesBuildPhase;
			buildActionMask = 2147483647;
			dstPath = /usr/share/man/man1/;
			dstSubfolderSpec = 0;
			files = (
				8EBC0EE016C7BB6000CD4DB9 /* testglew.1 in CopyFiles */,
			);
			runOnlyForDeploymentPostprocessing = 1;
		};
/* End PBXCopyFilesBuildPhase section */

/* Begin PBXFileReference section */
		8EBC0EDA16C7BB5F00CD4DB9 /* testglew */ = {isa = PBXFileReference; explicitFileType = "compiled.mach-o.executable"; includeInIndex = 0; path = testglew; sourceTree = BUILT_PRODUCTS_DIR; };
		8EBC0EDD16C7BB5F00CD4DB9 /* main.cpp */ = {isa = PBXFileReference; lastKnownFileType = sourcecode.cpp.cpp; path = main.cpp; sourceTree = "<group>"; };
		8EBC0EDF16C7BB6000CD4DB9 /* testglew.1 */ = {isa = PBXFileReference; lastKnownFileType = text.man; path = testglew.1; sourceTree = "<group>"; };
		8EBC0EE816C7DC7400CD4DB9 /* GLUT.framework */ = {isa = PBXFileReference; lastKnownFileType = wrapper.framework; name = GLUT.framework; path = System/Library/Frameworks/GLUT.framework; sourceTree = SDKROOT; };
		8EDD29ED16CA33F000AF1308 /* glew.c */ = {isa = PBXFileReference; fileEncoding = 4; lastKnownFileType = sourcecode.c.c; path = glew.c; sourceTree = "<group>"; };
		8EDD29EF16CA35DE00AF1308 /* OpenGL.framework */ = {isa = PBXFileReference; lastKnownFileType = wrapper.framework; name = OpenGL.framework; path = System/Library/Frameworks/OpenGL.framework; sourceTree = SDKROOT; };
		8EDD29F116CA3CCF00AF1308 /* glslprogram.cpp */ = {isa = PBXFileReference; fileEncoding = 4; lastKnownFileType = sourcecode.cpp.cpp; path = glslprogram.cpp; sourceTree = "<group>"; };
/* End PBXFileReference section */

/* Begin PBXFrameworksBuildPhase section */
		8EBC0ED716C7BB5F00CD4DB9 /* Frameworks */ = {
			isa = PBXFrameworksBuildPhase;
			buildActionMask = 2147483647;
			files = (
				8EDD29F016CA35DE00AF1308 /* OpenGL.framework in Frameworks */,
				8EBC0EE916C7DC7400CD4DB9 /* GLUT.framework in Frameworks */,
			);
			runOnlyForDeploymentPostprocessing = 0;
		};
/* End PBXFrameworksBuildPhase section */

/* Begin PBXGroup section */
		8EBC0ED116C7BB5F00CD4DB9 = {
			isa = PBXGroup;
			children = (
				8EDD29EF16CA35DE00AF1308 /* OpenGL.framework */,
				8EBC0EE816C7DC7400CD4DB9 /* GLUT.framework */,
				8EBC0EDC16C7BB5F00CD4DB9 /* testglew */,
				8EBC0EDB16C7BB5F00CD4DB9 /* Products */,
			);
			sourceTree = "<group>";
		};
		8EBC0EDB16C7BB5F00CD4DB9 /* Products */ = {
			isa = PBXGroup;
			children = (
				8EBC0EDA16C7BB5F00CD4DB9 /* testglew */,
			);
			name = Products;
			sourceTree = "<group>";
		};
		8EBC0EDC16C7BB5F00CD4DB9 /* testglew */ = {
			isa = PBXGroup;
			children = (
				8EDD29F116CA3CCF00AF1308 /* glslprogram.cpp */,
				8EDD29ED16CA33F000AF1308 /* glew.c */,
				8EBC0EDD16C7BB5F00CD4DB9 /* main.cpp */,
				8EBC0EDF16C7BB6000CD4DB9 /* testglew.1 */,
			);
			path = testglew;
			sourceTree = "<group>";
		};
/* End PBXGroup section */

/* Begin PBXNativeTarget section */
		8EBC0ED916C7BB5F00CD4DB9 /* testglew */ = {
			isa = PBXNativeTarget;
			buildConfigurationList = 8EBC0EE316C7BB6000CD4DB9 /* Build configuration list for PBXNativeTarget "testglew" */;
			buildPhases = (
				8EBC0ED616C7BB5F00CD4DB9 /* Sources */,
				8EBC0ED716C7BB5F00CD4DB9 /* Frameworks */,
				8EBC0ED816C7BB5F00CD4DB9 /* CopyFiles */,
			);
			buildRules = (
			);
			dependencies = (
			);
			name = testglew;
			productName = testglew;
			productReference = 8EBC0EDA16C7BB5F00CD4DB9 /* testglew */;
			productType = "com.apple.product-type.tool";
		};
/* End PBXNativeTarget section */

/* Begin PBXProject section */
		8EBC0ED216C7BB5F00CD4DB9 /* Project object */ = {
			isa = PBXProject;
			attributes = {
				LastUpgradeCheck = 0460;
				ORGANIZATIONNAME = wolf76;
			};
			buildConfigurationList = 8EBC0ED516C7BB5F00CD4DB9 /* Build configuration list for PBXProject "testglew" */;
			compatibilityVersion = "Xcode 3.2";
			developmentRegion = English;
			hasScannedForEncodings = 0;
			knownRegions = (
				en,
			);
			mainGroup = 8EBC0ED116C7BB5F00CD4DB9;
			productRefGroup = 8EBC0EDB16C7BB5F00CD4DB9 /* Products */;
			projectDirPath = "";
			projectRoot = "";
			targets = (
				8EBC0ED916C7BB5F00CD4DB9 /* testglew */,
			);
		};
/* End PBXProject section */

/* Begin PBXSourcesBuildPhase section */
		8EBC0ED616C7BB5F00CD4DB9 /* Sources */ = {
			isa = PBXSourcesBuildPhase;
			buildActionMask = 2147483647;
			files = (
				8EBC0EDE16C7BB5F00CD4DB9 /* main.cpp in Sources */,
				8EDD29EE16CA33F000AF1308 /* glew.c in Sources */,
				8EDD29F216CA3CCF00AF1308 /* glslprogram.cpp in Sources */,
			);
			runOnlyForDeploymentPostprocessing = 0;
		};
/* End PBXSourcesBuildPhase section */

/* Begin XCBuildConfiguration section */
		8EBC0EE116C7BB6000CD4DB9 /* Debug */ = {
			isa = XCBuildConfiguration;
			buildSettings = {
				ALWAYS_SEARCH_USER_PATHS = NO;
				ARCHS = "$(ARCHS_STANDARD_64_BIT)";
				CLANG_CXX_LANGUAGE_STANDARD = "gnu++0x";
				CLANG_CXX_LIBRARY = "libc++";
				CLANG_WARN_CONSTANT_CONVERSION = YES;
				CLANG_WARN_EMPTY_BODY = YES;
				CLANG_WARN_ENUM_CONVERSION = YES;
				CLANG_WARN_INT_CONVERSION = YES;
				CLANG_WARN__DUPLICATE_METHOD_MATCH = YES;
				COPY_PHASE_STRIP = NO;
				GCC_C_LANGUAGE_STANDARD = gnu99;
				GCC_DYNAMIC_NO_PIC = NO;
				GCC_ENABLE_OBJC_EXCEPTIONS = YES;
				GCC_OPTIMIZATION_LEVEL = 0;
				GCC_PREPROCESSOR_DEFINITIONS = (
					"DEBUG=1",
					"$(inherited)",
				);
				GCC_SYMBOLS_PRIVATE_EXTERN = NO;
				GCC_WARN_64_TO_32_BIT_CONVERSION = YES;
				GCC_WARN_ABOUT_RETURN_TYPE = YES;
				GCC_WARN_UNINITIALIZED_AUTOS = YES;
				GCC_WARN_UNUSED_VARIABLE = YES;
				MACOSX_DEPLOYMENT_TARGET = 10.8;
				ONLY_ACTIVE_ARCH = YES;
				SDKROOT = macosx;
			};
			name = Debug;
		};
		8EBC0EE216C7BB6000CD4DB9 /* Release */ = {
			isa = XCBuildConfiguration;
			buildSettings = {
				ALWAYS_SEARCH_USER_PATHS = NO;
				ARCHS = "$(ARCHS_STANDARD_64_BIT)";
				CLANG_CXX_LANGUAGE_STANDARD = "gnu++0x";
				CLANG_CXX_LIBRARY = "libc++";
				CLANG_WARN_CONSTANT_CONVERSION = YES;
				CLANG_WARN_EMPTY_BODY = YES;
				CLANG_WARN_ENUM_CONVERSION = YES;
				CLANG_WARN_INT_CONVERSION = YES;
				CLANG_WARN__DUPLICATE_METHOD_MATCH = YES;
				COPY_PHASE_STRIP = YES;
				DEBUG_INFORMATION_FORMAT = "dwarf-with-dsym";
				GCC_C_LANGUAGE_STANDARD = gnu99;
				GCC_ENABLE_OBJC_EXCEPTIONS = YES;
				GCC_WARN_64_TO_32_BIT_CONVERSION = YES;
				GCC_WARN_ABOUT_RETURN_TYPE = YES;
				GCC_WARN_UNINITIALIZED_AUTOS = YES;
				GCC_WARN_UNUSED_VARIABLE = YES;
				MACOSX_DEPLOYMENT_TARGET = 10.8;
				SDKROOT = macosx;
			};
			name = Release;
		};
		8EBC0EE416C7BB6000CD4DB9 /* Debug */ = {
			isa = XCBuildConfiguration;
			buildSettings = {
				GCC_PREPROCESSOR_DEFINITIONS = "DEBUG=1";
				"GCC_PREPROCESSOR_DEFINITIONS[arch=*]" = "";
				HEADER_SEARCH_PATHS = $SRCROOT/testglew/include;
				LIBRARY_SEARCH_PATHS = "";
				OTHER_LDFLAGS = "";
				PRODUCT_NAME = "$(TARGET_NAME)";
			};
			name = Debug;
		};
		8EBC0EE516C7BB6000CD4DB9 /* Release */ = {
			isa = XCBuildConfiguration;
			buildSettings = {
				GCC_PREPROCESSOR_DEFINITIONS = "";
				HEADER_SEARCH_PATHS = $SRCROOT/testglew/include;
				LIBRARY_SEARCH_PATHS = "";
				OTHER_LDFLAGS = "";
				PRODUCT_NAME = "$(TARGET_NAME)";
			};
			name = Release;
		};
/* End XCBuildConfiguration section */

/* Begin XCConfigurationList section */
		8EBC0ED516C7BB5F00CD4DB9 /* Build configuration list for PBXProject "testglew" */ = {
			isa = XCConfigurationList;
			buildConfigurations = (
				8EBC0EE116C7BB6000CD4DB9 /* Debug */,
				8EBC0EE216C7BB6000CD4DB9 /* Release */,
			);
			defaultConfigurationIsVisible = 0;
			defaultConfigurationName = Release;
		};
		8EBC0EE316C7BB6000CD4DB9 /* Build configuration list for PBXNativeTarget "testglew" */ = {
			isa = XCConfigurationList;
			buildConfigurations = (
				8EBC0EE416C7BB6000CD4DB9 /* Debug */,
				8EBC0EE516C7BB6000CD4DB9 /* Release */,
			);
			defaultConfigurationIsVisible = 0;
			defaultConfigurationName = Release;
		};
/* End XCConfigurationList section */
	};
	rootObject = 8EBC0ED216C7BB5F00CD4DB9 /* Project object */;
}
